// !$*UTF8*$!
{
	archiveVersion = 1;
	classes = {
	};
	objectVersion = 46;
	objects = {

/* Begin PBXBuildFile section */
		325F4F621DAB3FF9008B1CF9 /* main.m in Sources */ = {isa = PBXBuildFile; fileRef = 325F4F611DAB3FF9008B1CF9 /* main.m */; };
		325F4F651DAB3FF9008B1CF9 /* AppDelegate.m in Sources */ = {isa = PBXBuildFile; fileRef = 325F4F641DAB3FF9008B1CF9 /* AppDelegate.m */; };
		325F4F681DAB3FF9008B1CF9 /* ViewController.m in Sources */ = {isa = PBXBuildFile; fileRef = 325F4F671DAB3FF9008B1CF9 /* ViewController.m */; };
		325F4F6B1DAB3FF9008B1CF9 /* Main.storyboard in Resources */ = {isa = PBXBuildFile; fileRef = 325F4F691DAB3FF9008B1CF9 /* Main.storyboard */; };
		325F4F6D1DAB3FF9008B1CF9 /* Assets.xcassets in Resources */ = {isa = PBXBuildFile; fileRef = 325F4F6C1DAB3FF9008B1CF9 /* Assets.xcassets */; };
		325F4F701DAB3FF9008B1CF9 /* LaunchScreen.storyboard in Resources */ = {isa = PBXBuildFile; fileRef = 325F4F6E1DAB3FF9008B1CF9 /* LaunchScreen.storyboard */; };
		325F4F7B1DAB3FF9008B1CF9 /* base64Tests.m in Sources */ = {isa = PBXBuildFile; fileRef = 325F4F7A1DAB3FF9008B1CF9 /* base64Tests.m */; };
		325F4F861DAB3FF9008B1CF9 /* base64UITests.m in Sources */ = {isa = PBXBuildFile; fileRef = 325F4F851DAB3FF9008B1CF9 /* base64UITests.m */; };
		325F4F951DAB660B008B1CF9 /* base64Tool.m in Sources */ = {isa = PBXBuildFile; fileRef = 325F4F941DAB660B008B1CF9 /* base64Tool.m */; };
		325F4F981DAB7A96008B1CF9 /* MD5.m in Sources */ = {isa = PBXBuildFile; fileRef = 325F4F971DAB7A96008B1CF9 /* MD5.m */; };
/* End PBXBuildFile section */

/* Begin PBXContainerItemProxy section */
		325F4F771DAB3FF9008B1CF9 /* PBXContainerItemProxy */ = {
			isa = PBXContainerItemProxy;
			containerPortal = 325F4F551DAB3FF9008B1CF9 /* Project object */;
			proxyType = 1;
			remoteGlobalIDString = 325F4F5C1DAB3FF9008B1CF9;
			remoteInfo = base64;
		};
		325F4F821DAB3FF9008B1CF9 /* PBXContainerItemProxy */ = {
			isa = PBXContainerItemProxy;
			containerPortal = 325F4F551DAB3FF9008B1CF9 /* Project object */;
			proxyType = 1;
			remoteGlobalIDString = 325F4F5C1DAB3FF9008B1CF9;
			remoteInfo = base64;
		};
/* End PBXContainerItemProxy section */

/* Begin PBXFileReference section */
		325F4F5D1DAB3FF9008B1CF9 /* base64.app */ = {isa = PBXFileReference; explicitFileType = wrapper.application; includeInIndex = 0; path = base64.app; sourceTree = BUILT_PRODUCTS_DIR; };
		325F4F611DAB3FF9008B1CF9 /* main.m */ = {isa = PBXFileReference; lastKnownFileType = sourcecode.c.objc; path = main.m; sourceTree = "<group>"; };
		325F4F631DAB3FF9008B1CF9 /* AppDelegate.h */ = {isa = PBXFileReference; lastKnownFileType = sourcecode.c.h; path = AppDelegate.h; sourceTree = "<group>"; };
		325F4F641DAB3FF9008B1CF9 /* AppDelegate.m */ = {isa = PBXFileReference; lastKnownFileType = sourcecode.c.objc; path = AppDelegate.m; sourceTree = "<group>"; };
		325F4F661DAB3FF9008B1CF9 /* ViewController.h */ = {isa = PBXFileReference; lastKnownFileType = sourcecode.c.h; path = ViewController.h; sourceTree = "<group>"; };
		325F4F671DAB3FF9008B1CF9 /* ViewController.m */ = {isa = PBXFileReference; lastKnownFileType = sourcecode.c.objc; path = ViewController.m; sourceTree = "<group>"; };
		325F4F6A1DAB3FF9008B1CF9 /* Base */ = {isa = PBXFileReference; lastKnownFileType = file.storyboard; name = Base; path = Base.lproj/Main.storyboard; sourceTree = "<group>"; };
		325F4F6C1DAB3FF9008B1CF9 /* Assets.xcassets */ = {isa = PBXFileReference; lastKnownFileType = folder.assetcatalog; path = Assets.xcassets; sourceTree = "<group>"; };
		325F4F6F1DAB3FF9008B1CF9 /* Base */ = {isa = PBXFileReference; lastKnownFileType = file.storyboard; name = Base; path = Base.lproj/LaunchScreen.storyboard; sourceTree = "<group>"; };
		325F4F711DAB3FF9008B1CF9 /* Info.plist */ = {isa = PBXFileReference; lastKnownFileType = text.plist.xml; path = Info.plist; sourceTree = "<group>"; };
		325F4F761DAB3FF9008B1CF9 /* base64Tests.xctest */ = {isa = PBXFileReference; explicitFileType = wrapper.cfbundle; includeInIndex = 0; path = base64Tests.xctest; sourceTree = BUILT_PRODUCTS_DIR; };
		325F4F7A1DAB3FF9008B1CF9 /* base64Tests.m */ = {isa = PBXFileReference; lastKnownFileType = sourcecode.c.objc; path = base64Tests.m; sourceTree = "<group>"; };
		325F4F7C1DAB3FF9008B1CF9 /* Info.plist */ = {isa = PBXFileReference; lastKnownFileType = text.plist.xml; path = Info.plist; sourceTree = "<group>"; };
		325F4F811DAB3FF9008B1CF9 /* base64UITests.xctest */ = {isa = PBXFileReference; explicitFileType = wrapper.cfbundle; includeInIndex = 0; path = base64UITests.xctest; sourceTree = BUILT_PRODUCTS_DIR; };
		325F4F851DAB3FF9008B1CF9 /* base64UITests.m */ = {isa = PBXFileReference; lastKnownFileType = sourcecode.c.objc; path = base64UITests.m; sourceTree = "<group>"; };
		325F4F871DAB3FF9008B1CF9 /* Info.plist */ = {isa = PBXFileReference; lastKnownFileType = text.plist.xml; path = Info.plist; sourceTree = "<group>"; };
		325F4F931DAB660B008B1CF9 /* base64Tool.h */ = {isa = PBXFileReference; fileEncoding = 4; lastKnownFileType = sourcecode.c.h; path = base64Tool.h; sourceTree = "<group>"; };
		325F4F941DAB660B008B1CF9 /* base64Tool.m */ = {isa = PBXFileReference; fileEncoding = 4; lastKnownFileType = sourcecode.c.objc; path = base64Tool.m; sourceTree = "<group>"; };
		325F4F961DAB7A96008B1CF9 /* MD5.h */ = {isa = PBXFileReference; fileEncoding = 4; lastKnownFileType = sourcecode.c.h; name = MD5.h; path = base64/MD5.h; sourceTree = SOURCE_ROOT; };
		325F4F971DAB7A96008B1CF9 /* MD5.m */ = {isa = PBXFileReference; fileEncoding = 4; lastKnownFileType = sourcecode.c.objc; name = MD5.m; path = base64/MD5.m; sourceTree = SOURCE_ROOT; };
/* End PBXFileReference section */

/* Begin PBXFrameworksBuildPhase section */
		325F4F5A1DAB3FF9008B1CF9 /* Frameworks */ = {
			isa = PBXFrameworksBuildPhase;
			buildActionMask = 2147483647;
			files = (
			);
			runOnlyForDeploymentPostprocessing = 0;
		};
		325F4F731DAB3FF9008B1CF9 /* Frameworks */ = {
			isa = PBXFrameworksBuildPhase;
			buildActionMask = 2147483647;
			files = (
			);
			runOnlyForDeploymentPostprocessing = 0;
		};
		325F4F7E1DAB3FF9008B1CF9 /* Frameworks */ = {
			isa = PBXFrameworksBuildPhase;
			buildActionMask = 2147483647;
			files = (
			);
			runOnlyForDeploymentPostprocessing = 0;
		};
/* End PBXFrameworksBuildPhase section */

/* Begin PBXGroup section */
		325F4F541DAB3FF9008B1CF9 = {
			isa = PBXGroup;
			children = (
				325F4F5F1DAB3FF9008B1CF9 /* base64 */,
				325F4F791DAB3FF9008B1CF9 /* base64Tests */,
				325F4F841DAB3FF9008B1CF9 /* base64UITests */,
				325F4F5E1DAB3FF9008B1CF9 /* Products */,
			);
			sourceTree = "<group>";
		};
		325F4F5E1DAB3FF9008B1CF9 /* Products */ = {
			isa = PBXGroup;
			children = (
				325F4F5D1DAB3FF9008B1CF9 /* base64.app */,
				325F4F761DAB3FF9008B1CF9 /* base64Tests.xctest */,
				325F4F811DAB3FF9008B1CF9 /* base64UITests.xctest */,
			);
			name = Products;
			sourceTree = "<group>";
		};
		325F4F5F1DAB3FF9008B1CF9 /* base64 */ = {
			isa = PBXGroup;
			children = (
				325F4F991DAB7AA8008B1CF9 /* MD5 */,
				325F4F631DAB3FF9008B1CF9 /* AppDelegate.h */,
				325F4F641DAB3FF9008B1CF9 /* AppDelegate.m */,
				325F4F661DAB3FF9008B1CF9 /* ViewController.h */,
				325F4F671DAB3FF9008B1CF9 /* ViewController.m */,
				325F4F931DAB660B008B1CF9 /* base64Tool.h */,
				325F4F941DAB660B008B1CF9 /* base64Tool.m */,
				325F4F691DAB3FF9008B1CF9 /* Main.storyboard */,
				325F4F6C1DAB3FF9008B1CF9 /* Assets.xcassets */,
				325F4F6E1DAB3FF9008B1CF9 /* LaunchScreen.storyboard */,
				325F4F711DAB3FF9008B1CF9 /* Info.plist */,
				325F4F601DAB3FF9008B1CF9 /* Supporting Files */,
			);
			path = base64;
			sourceTree = "<group>";
		};
		325F4F601DAB3FF9008B1CF9 /* Supporting Files */ = {
			isa = PBXGroup;
			children = (
				325F4F611DAB3FF9008B1CF9 /* main.m */,
			);
			name = "Supporting Files";
			sourceTree = "<group>";
		};
		325F4F791DAB3FF9008B1CF9 /* base64Tests */ = {
			isa = PBXGroup;
			children = (
				325F4F7A1DAB3FF9008B1CF9 /* base64Tests.m */,
				325F4F7C1DAB3FF9008B1CF9 /* Info.plist */,
			);
			path = base64Tests;
			sourceTree = "<group>";
		};
		325F4F841DAB3FF9008B1CF9 /* base64UITests */ = {
			isa = PBXGroup;
			children = (
				325F4F851DAB3FF9008B1CF9 /* base64UITests.m */,
				325F4F871DAB3FF9008B1CF9 /* Info.plist */,
			);
			path = base64UITests;
			sourceTree = "<group>";
		};
		325F4F991DAB7AA8008B1CF9 /* MD5 */ = {
			isa = PBXGroup;
			children = (
				325F4F961DAB7A96008B1CF9 /* MD5.h */,
				325F4F971DAB7A96008B1CF9 /* MD5.m */,
			);
			path = MD5;
			sourceTree = "<group>";
		};
/* End PBXGroup section */

/* Begin PBXNativeTarget section */
		325F4F5C1DAB3FF9008B1CF9 /* base64 */ = {
			isa = PBXNativeTarget;
			buildConfigurationList = 325F4F8A1DAB3FF9008B1CF9 /* Build configuration list for PBXNativeTarget "base64" */;
			buildPhases = (
				325F4F591DAB3FF9008B1CF9 /* Sources */,
				325F4F5A1DAB3FF9008B1CF9 /* Frameworks */,
				325F4F5B1DAB3FF9008B1CF9 /* Resources */,
			);
			buildRules = (
			);
			dependencies = (
			);
			name = base64;
			productName = base64;
			productReference = 325F4F5D1DAB3FF9008B1CF9 /* base64.app */;
			productType = "com.apple.product-type.application";
		};
		325F4F751DAB3FF9008B1CF9 /* base64Tests */ = {
			isa = PBXNativeTarget;
			buildConfigurationList = 325F4F8D1DAB3FF9008B1CF9 /* Build configuration list for PBXNativeTarget "base64Tests" */;
			buildPhases = (
				325F4F721DAB3FF9008B1CF9 /* Sources */,
				325F4F731DAB3FF9008B1CF9 /* Frameworks */,
				325F4F741DAB3FF9008B1CF9 /* Resources */,
			);
			buildRules = (
			);
			dependencies = (
				325F4F781DAB3FF9008B1CF9 /* PBXTargetDependency */,
			);
			name = base64Tests;
			productName = base64Tests;
			productReference = 325F4F761DAB3FF9008B1CF9 /* base64Tests.xctest */;
			productType = "com.apple.product-type.bundle.unit-test";
		};
		325F4F801DAB3FF9008B1CF9 /* base64UITests */ = {
			isa = PBXNativeTarget;
			buildConfigurationList = 325F4F901DAB3FF9008B1CF9 /* Build configuration list for PBXNativeTarget "base64UITests" */;
			buildPhases = (
				325F4F7D1DAB3FF9008B1CF9 /* Sources */,
				325F4F7E1DAB3FF9008B1CF9 /* Frameworks */,
				325F4F7F1DAB3FF9008B1CF9 /* Resources */,
			);
			buildRules = (
			);
			dependencies = (
				325F4F831DAB3FF9008B1CF9 /* PBXTargetDependency */,
			);
			name = base64UITests;
			productName = base64UITests;
			productReference = 325F4F811DAB3FF9008B1CF9 /* base64UITests.xctest */;
			productType = "com.apple.product-type.bundle.ui-testing";
		};
/* End PBXNativeTarget section */

/* Begin PBXProject section */
		325F4F551DAB3FF9008B1CF9 /* Project object */ = {
			isa = PBXProject;
			attributes = {
				LastUpgradeCheck = 0800;
				ORGANIZATIONNAME = "刘松洪";
				TargetAttributes = {
					325F4F5C1DAB3FF9008B1CF9 = {
						CreatedOnToolsVersion = 8.0;
						DevelopmentTeam = K74UKU9UG7;
						ProvisioningStyle = Automatic;
					};
					325F4F751DAB3FF9008B1CF9 = {
						CreatedOnToolsVersion = 8.0;
						DevelopmentTeam = K74UKU9UG7;
						ProvisioningStyle = Automatic;
						TestTargetID = 325F4F5C1DAB3FF9008B1CF9;
					};
					325F4F801DAB3FF9008B1CF9 = {
						CreatedOnToolsVersion = 8.0;
						DevelopmentTeam = K74UKU9UG7;
						ProvisioningStyle = Automatic;
						TestTargetID = 325F4F5C1DAB3FF9008B1CF9;
					};
				};
			};
			buildConfigurationList = 325F4F581DAB3FF9008B1CF9 /* Build configuration list for PBXProject "base64" */;
			compatibilityVersion = "Xcode 3.2";
			developmentRegion = English;
			hasScannedForEncodings = 0;
			knownRegions = (
				en,
				Base,
			);
			mainGroup = 325F4F541DAB3FF9008B1CF9;
			productRefGroup = 325F4F5E1DAB3FF9008B1CF9 /* Products */;
			projectDirPath = "";
			projectRoot = "";
			targets = (
				325F4F5C1DAB3FF9008B1CF9 /* base64 */,
				325F4F751DAB3FF9008B1CF9 /* base64Tests */,
				325F4F801DAB3FF9008B1CF9 /* base64UITests */,
			);
		};
/* End PBXProject section */

/* Begin PBXResourcesBuildPhase section */
		325F4F5B1DAB3FF9008B1CF9 /* Resources */ = {
			isa = PBXResourcesBuildPhase;
			buildActionMask = 2147483647;
			files = (
				325F4F701DAB3FF9008B1CF9 /* LaunchScreen.storyboard in Resources */,
				325F4F6D1DAB3FF9008B1CF9 /* Assets.xcassets in Resources */,
				325F4F6B1DAB3FF9008B1CF9 /* Main.storyboard in Resources */,
			);
			runOnlyForDeploymentPostprocessing = 0;
		};
		325F4F741DAB3FF9008B1CF9 /* Resources */ = {
			isa = PBXResourcesBuildPhase;
			buildActionMask = 2147483647;
			files = (
			);
			runOnlyForDeploymentPostprocessing = 0;
		};
		325F4F7F1DAB3FF9008B1CF9 /* Resources */ = {
			isa = PBXResourcesBuildPhase;
			buildActionMask = 2147483647;
			files = (
			);
			runOnlyForDeploymentPostprocessing = 0;
		};
/* End PBXResourcesBuildPhase section */

/* Begin PBXSourcesBuildPhase section */
		325F4F591DAB3FF9008B1CF9 /* Sources */ = {
			isa = PBXSourcesBuildPhase;
			buildActionMask = 2147483647;
			files = (
				325F4F681DAB3FF9008B1CF9 /* ViewController.m in Sources */,
				325F4F651DAB3FF9008B1CF9 /* AppDelegate.m in Sources */,
				325F4F981DAB7A96008B1CF9 /* MD5.m in Sources */,
				325F4F951DAB660B008B1CF9 /* base64Tool.m in Sources */,
				325F4F621DAB3FF9008B1CF9 /* main.m in Sources */,
			);
			runOnlyForDeploymentPostprocessing = 0;
		};
		325F4F721DAB3FF9008B1CF9 /* Sources */ = {
			isa = PBXSourcesBuildPhase;
			buildActionMask = 2147483647;
			files = (
				325F4F7B1DAB3FF9008B1CF9 /* base64Tests.m in Sources */,
			);
			runOnlyForDeploymentPostprocessing = 0;
		};
		325F4F7D1DAB3FF9008B1CF9 /* Sources */ = {
			isa = PBXSourcesBuildPhase;
			buildActionMask = 2147483647;
			files = (
				325F4F861DAB3FF9008B1CF9 /* base64UITests.m in Sources */,
			);
			runOnlyForDeploymentPostprocessing = 0;
		};
/* End PBXSourcesBuildPhase section */

/* Begin PBXTargetDependency section */
		325F4F781DAB3FF9008B1CF9 /* PBXTargetDependency */ = {
			isa = PBXTargetDependency;
			target = 325F4F5C1DAB3FF9008B1CF9 /* base64 */;
			targetProxy = 325F4F771DAB3FF9008B1CF9 /* PBXContainerItemProxy */;
		};
		325F4F831DAB3FF9008B1CF9 /* PBXTargetDependency */ = {
			isa = PBXTargetDependency;
			target = 325F4F5C1DAB3FF9008B1CF9 /* base64 */;
			targetProxy = 325F4F821DAB3FF9008B1CF9 /* PBXContainerItemProxy */;
		};
/* End PBXTargetDependency section */

/* Begin PBXVariantGroup section */
		325F4F691DAB3FF9008B1CF9 /* Main.storyboard */ = {
			isa = PBXVariantGroup;
			children = (
				325F4F6A1DAB3FF9008B1CF9 /* Base */,
			);
			name = Main.storyboard;
			sourceTree = "<group>";
		};
		325F4F6E1DAB3FF9008B1CF9 /* LaunchScreen.storyboard */ = {
			isa = PBXVariantGroup;
			children = (
				325F4F6F1DAB3FF9008B1CF9 /* Base */,
			);
			name = LaunchScreen.storyboard;
			sourceTree = "<group>";
		};
/* End PBXVariantGroup section */

/* Begin XCBuildConfiguration section */
		325F4F881DAB3FF9008B1CF9 /* Debug */ = {
			isa = XCBuildConfiguration;
			buildSettings = {
				ALWAYS_SEARCH_USER_PATHS = NO;
				CLANG_ANALYZER_NONNULL = YES;
				CLANG_CXX_LANGUAGE_STANDARD = "gnu++0x";
				CLANG_CXX_LIBRARY = "libc++";
				CLANG_ENABLE_MODULES = YES;
				CLANG_ENABLE_OBJC_ARC = YES;
				CLANG_WARN_BOOL_CONVERSION = YES;
				CLANG_WARN_CONSTANT_CONVERSION = YES;
				CLANG_WARN_DIRECT_OBJC_ISA_USAGE = YES_ERROR;
				CLANG_WARN_DOCUMENTATION_COMMENTS = YES;
				CLANG_WARN_EMPTY_BODY = YES;
				CLANG_WARN_ENUM_CONVERSION = YES;
				CLANG_WARN_INFINITE_RECURSION = YES;
				CLANG_WARN_INT_CONVERSION = YES;
				CLANG_WARN_OBJC_ROOT_CLASS = YES_ERROR;
				CLANG_WARN_SUSPICIOUS_MOVES = YES;
				CLANG_WARN_UNREACHABLE_CODE = YES;
				CLANG_WARN__DUPLICATE_METHOD_MATCH = YES;
				"CODE_SIGN_IDENTITY[sdk=iphoneos*]" = "iPhone Developer";
				COPY_PHASE_STRIP = NO;
				DEBUG_INFORMATION_FORMAT = dwarf;
				ENABLE_STRICT_OBJC_MSGSEND = YES;
				ENABLE_TESTABILITY = YES;
				GCC_C_LANGUAGE_STANDARD = gnu99;
				GCC_DYNAMIC_NO_PIC = NO;
				GCC_NO_COMMON_BLOCKS = YES;
				GCC_OPTIMIZATION_LEVEL = 0;
				GCC_PREPROCESSOR_DEFINITIONS = (
					"DEBUG=1",
					"$(inherited)",
				);
				GCC_WARN_64_TO_32_BIT_CONVERSION = YES;
				GCC_WARN_ABOUT_RETURN_TYPE = YES_ERROR;
				GCC_WARN_UNDECLARED_SELECTOR = YES;
				GCC_WARN_UNINITIALIZED_AUTOS = YES_AGGRESSIVE;
				GCC_WARN_UNUSED_FUNCTION = YES;
				GCC_WARN_UNUSED_VARIABLE = YES;
				IPHONEOS_DEPLOYMENT_TARGET = 10.0;
				MTL_ENABLE_DEBUG_INFO = YES;
				ONLY_ACTIVE_ARCH = YES;
				SDKROOT = iphoneos;
				TARGETED_DEVICE_FAMILY = "1,2";
			};
			name = Debug;
		};
		325F4F891DAB3FF9008B1CF9 /* Release */ = {
			isa = XCBuildConfiguration;
			buildSettings = {
				ALWAYS_SEARCH_USER_PATHS = NO;
				CLANG_ANALYZER_NONNULL = YES;
				CLANG_CXX_LANGUAGE_STANDARD = "gnu++0x";
				CLANG_CXX_LIBRARY = "libc++";
				CLANG_ENABLE_MODULES = YES;
				CLANG_ENABLE_OBJC_ARC = YES;
				CLANG_WARN_BOOL_CONVERSION = YES;
				CLANG_WARN_CONSTANT_CONVERSION = YES;
				CLANG_WARN_DIRECT_OBJC_ISA_USAGE = YES_ERROR;
				CLANG_WARN_DOCUMENTATION_COMMENTS = YES;
				CLANG_WARN_EMPTY_BODY = YES;
				CLANG_WARN_ENUM_CONVERSION = YES;
				CLANG_WARN_INFINITE_RECURSION = YES;
				CLANG_WARN_INT_CONVERSION = YES;
				CLANG_WARN_OBJC_ROOT_CLASS = YES_ERROR;
				CLANG_WARN_SUSPICIOUS_MOVES = YES;
				CLANG_WARN_UNREACHABLE_CODE = YES;
				CLANG_WARN__DUPLICATE_METHOD_MATCH = YES;
				"CODE_SIGN_IDENTITY[sdk=iphoneos*]" = "iPhone Developer";
				COPY_PHASE_STRIP = NO;
				DEBUG_INFORMATION_FORMAT = "dwarf-with-dsym";
				ENABLE_NS_ASSERTIONS = NO;
				ENABLE_STRICT_OBJC_MSGSEND = YES;
				GCC_C_LANGUAGE_STANDARD = gnu99;
				GCC_NO_COMMON_BLOCKS = YES;
				GCC_WARN_64_TO_32_BIT_CONVERSION = YES;
				GCC_WARN_ABOUT_RETURN_TYPE = YES_ERROR;
				GCC_WARN_UNDECLARED_SELECTOR = YES;
				GCC_WARN_UNINITIALIZED_AUTOS = YES_AGGRESSIVE;
				GCC_WARN_UNUSED_FUNCTION = YES;
				GCC_WARN_UNUSED_VARIABLE = YES;
				IPHONEOS_DEPLOYMENT_TARGET = 10.0;
				MTL_ENABLE_DEBUG_INFO = NO;
				SDKROOT = iphoneos;
				TARGETED_DEVICE_FAMILY = "1,2";
				VALIDATE_PRODUCT = YES;
			};
			name = Release;
		};
		325F4F8B1DAB3FF9008B1CF9 /* Debug */ = {
			isa = XCBuildConfiguration;
			buildSettings = {
				ASSETCATALOG_COMPILER_APPICON_NAME = AppIcon;
				DEVELOPMENT_TEAM = K74UKU9UG7;
				INFOPLIST_FILE = base64/Info.plist;
				LD_RUNPATH_SEARCH_PATHS = "$(inherited) @executable_path/Frameworks";
				PRODUCT_BUNDLE_IDENTIFIER = com.lsh726..base64;
				PRODUCT_NAME = "$(TARGET_NAME)";
			};
			name = Debug;
		};
		325F4F8C1DAB3FF9008B1CF9 /* Release */ = {
			isa = XCBuildConfiguration;
			buildSettings = {
				ASSETCATALOG_COMPILER_APPICON_NAME = AppIcon;
				DEVELOPMENT_TEAM = K74UKU9UG7;
				INFOPLIST_FILE = base64/Info.plist;
				LD_RUNPATH_SEARCH_PATHS = "$(inherited) @executable_path/Frameworks";
				PRODUCT_BUNDLE_IDENTIFIER = com.lsh726..base64;
				PRODUCT_NAME = "$(TARGET_NAME)";
			};
			name = Release;
		};
		325F4F8E1DAB3FF9008B1CF9 /* Debug */ = {
			isa = XCBuildConfiguration;
			buildSettings = {
				BUNDLE_LOADER = "$(TEST_HOST)";
				DEVELOPMENT_TEAM = K74UKU9UG7;
				INFOPLIST_FILE = base64Tests/Info.plist;
				LD_RUNPATH_SEARCH_PATHS = "$(inherited) @executable_path/Frameworks @loader_path/Frameworks";
				PRODUCT_BUNDLE_IDENTIFIER = com.lsh726..base64Tests;
				PRODUCT_NAME = "$(TARGET_NAME)";
				TEST_HOST = "$(BUILT_PRODUCTS_DIR)/base64.app/base64";
			};
			name = Debug;
		};
		325F4F8F1DAB3FF9008B1CF9 /* Release */ = {
			isa = XCBuildConfiguration;
			buildSettings = {
				BUNDLE_LOADER = "$(TEST_HOST)";
				DEVELOPMENT_TEAM = K74UKU9UG7;
				INFOPLIST_FILE = base64Tests/Info.plist;
				LD_RUNPATH_SEARCH_PATHS = "$(inherited) @executable_path/Frameworks @loader_path/Frameworks";
				PRODUCT_BUNDLE_IDENTIFIER = com.lsh726..base64Tests;
				PRODUCT_NAME = "$(TARGET_NAME)";
				TEST_HOST = "$(BUILT_PRODUCTS_DIR)/base64.app/base64";
			};
			name = Release;
		};
		325F4F911DAB3FF9008B1CF9 /* Debug */ = {
			isa = XCBuildConfiguration;
			buildSettings = {
				DEVELOPMENT_TEAM = K74UKU9UG7;
				INFOPLIST_FILE = base64UITests/Info.plist;
				LD_RUNPATH_SEARCH_PATHS = "$(inherited) @executable_path/Frameworks @loader_path/Frameworks";
				PRODUCT_BUNDLE_IDENTIFIER = com.lsh726..base64UITests;
				PRODUCT_NAME = "$(TARGET_NAME)";
				TEST_TARGET_NAME = base64;
			};
			name = Debug;
		};
		325F4F921DAB3FF9008B1CF9 /* Release */ = {
			isa = XCBuildConfiguration;
			buildSettings = {
				DEVELOPMENT_TEAM = K74UKU9UG7;
				INFOPLIST_FILE = base64UITests/Info.plist;
				LD_RUNPATH_SEARCH_PATHS = "$(inherited) @executable_path/Frameworks @loader_path/Frameworks";
				PRODUCT_BUNDLE_IDENTIFIER = com.lsh726..base64UITests;
				PRODUCT_NAME = "$(TARGET_NAME)";
				TEST_TARGET_NAME = base64;
			};
			name = Release;
		};
/* End XCBuildConfiguration section */

/* Begin XCConfigurationList section */
		325F4F581DAB3FF9008B1CF9 /* Build configuration list for PBXProject "base64" */ = {
			isa = XCConfigurationList;
			buildConfigurations = (
				325F4F881DAB3FF9008B1CF9 /* Debug */,
				325F4F891DAB3FF9008B1CF9 /* Release */,
			);
			defaultConfigurationIsVisible = 0;
			defaultConfigurationName = Release;
		};
		325F4F8A1DAB3FF9008B1CF9 /* Build configuration list for PBXNativeTarget "base64" */ = {
			isa = XCConfigurationList;
			buildConfigurations = (
				325F4F8B1DAB3FF9008B1CF9 /* Debug */,
				325F4F8C1DAB3FF9008B1CF9 /* Release */,
			);
			defaultConfigurationIsVisible = 0;
			defaultConfigurationName = Release;
		};
		325F4F8D1DAB3FF9008B1CF9 /* Build configuration list for PBXNativeTarget "base64Tests" */ = {
			isa = XCConfigurationList;
			buildConfigurations = (
				325F4F8E1DAB3FF9008B1CF9 /* Debug */,
				325F4F8F1DAB3FF9008B1CF9 /* Release */,
			);
			defaultConfigurationIsVisible = 0;
			defaultConfigurationName = Release;
		};
		325F4F901DAB3FF9008B1CF9 /* Build configuration list for PBXNativeTarget "base64UITests" */ = {
			isa = XCConfigurationList;
			buildConfigurations = (
				325F4F911DAB3FF9008B1CF9 /* Debug */,
				325F4F921DAB3FF9008B1CF9 /* Release */,
			);
			defaultConfigurationIsVisible = 0;
			defaultConfigurationName = Release;
		};
/* End XCConfigurationList section */
	};
	rootObject = 325F4F551DAB3FF9008B1CF9 /* Project object */;
}
